// !$*UTF8*$!
{
	archiveVersion = 1;
	classes = {
	};
	objectVersion = 51;
	objects = {

/* Begin PBXBuildFile section */
		BAC25F96D09EFAE6949EC580 /* Pods_ITP344_Spring2021_W4.framework in Frameworks */ = {isa = PBXBuildFile; fileRef = AC588F75E4DCCF01DBC12229 /* Pods_ITP344_Spring2021_W4.framework */; };
		D5170F9325C8F8A100AAFD67 /* AppDelegate.swift in Sources */ = {isa = PBXBuildFile; fileRef = D5170F9225C8F8A100AAFD67 /* AppDelegate.swift */; };
		D5170F9525C8F8A100AAFD67 /* SceneDelegate.swift in Sources */ = {isa = PBXBuildFile; fileRef = D5170F9425C8F8A100AAFD67 /* SceneDelegate.swift */; };
		D5170F9725C8F8A100AAFD67 /* ViewController.swift in Sources */ = {isa = PBXBuildFile; fileRef = D5170F9625C8F8A100AAFD67 /* ViewController.swift */; };
		D5170F9C25C8F8A300AAFD67 /* Assets.xcassets in Resources */ = {isa = PBXBuildFile; fileRef = D5170F9B25C8F8A300AAFD67 /* Assets.xcassets */; };
		D5170F9F25C8F8A300AAFD67 /* LaunchScreen.storyboard in Resources */ = {isa = PBXBuildFile; fileRef = D5170F9D25C8F8A300AAFD67 /* LaunchScreen.storyboard */; };
		D55ABD9825D1EE1000131E1F /* BaseViewController.swift in Sources */ = {isa = PBXBuildFile; fileRef = D55ABD9725D1EE1000131E1F /* BaseViewController.swift */; };
		D55ABD9C25D1EF0400131E1F /* SignInViewController.swift in Sources */ = {isa = PBXBuildFile; fileRef = D55ABD9B25D1EF0400131E1F /* SignInViewController.swift */; };
		D55ABDA025D2047100131E1F /* UIExtensions.swift in Sources */ = {isa = PBXBuildFile; fileRef = D55ABD9F25D2047100131E1F /* UIExtensions.swift */; };
		D55ABDA325D2284000131E1F /* PrioritiesViewController.swift in Sources */ = {isa = PBXBuildFile; fileRef = D55ABDA225D2284000131E1F /* PrioritiesViewController.swift */; };
		D5B1BB7425FB05CB00921CEE /* ListViewController.swift in Sources */ = {isa = PBXBuildFile; fileRef = D5B1BB7325FB05CB00921CEE /* ListViewController.swift */; };
		D5B1BB7825FB14CC00921CEE /* FirestoreHelper.swift in Sources */ = {isa = PBXBuildFile; fileRef = D5B1BB7725FB14CC00921CEE /* FirestoreHelper.swift */; };
		D5DCC35125E48F85009500E6 /* SignUpViewController.swift in Sources */ = {isa = PBXBuildFile; fileRef = D5DCC35025E48F85009500E6 /* SignUpViewController.swift */; };
		D5DCC35925E4B10C009500E6 /* GoogleService-Info.plist in Resources */ = {isa = PBXBuildFile; fileRef = D5DCC35825E4B10C009500E6 /* GoogleService-Info.plist */; };
		D5DCC38125E4C02E009500E6 /* SpinnerViewController.swift in Sources */ = {isa = PBXBuildFile; fileRef = D5DCC38025E4C02E009500E6 /* SpinnerViewController.swift */; };
		D5EED21C25EF4B010043F945 /* CustomTabBarController.swift in Sources */ = {isa = PBXBuildFile; fileRef = D5EED21B25EF4B010043F945 /* CustomTabBarController.swift */; };
		D5EED21F25EF4CF80043F945 /* P2ViewController.swift in Sources */ = {isa = PBXBuildFile; fileRef = D5EED21E25EF4CF80043F945 /* P2ViewController.swift */; };
/* End PBXBuildFile section */

/* Begin PBXFileReference section */
		AC588F75E4DCCF01DBC12229 /* Pods_ITP344_Spring2021_W4.framework */ = {isa = PBXFileReference; explicitFileType = wrapper.framework; includeInIndex = 0; path = Pods_ITP344_Spring2021_W4.framework; sourceTree = BUILT_PRODUCTS_DIR; };
		CFF7F22E5FBC228C7EA80941 /* Pods-ITP344-Spring2021-W4.release.xcconfig */ = {isa = PBXFileReference; includeInIndex = 1; lastKnownFileType = text.xcconfig; name = "Pods-ITP344-Spring2021-W4.release.xcconfig"; path = "Target Support Files/Pods-ITP344-Spring2021-W4/Pods-ITP344-Spring2021-W4.release.xcconfig"; sourceTree = "<group>"; };
		D5170F8F25C8F8A100AAFD67 /* ITP344-Spring2021-W4.app */ = {isa = PBXFileReference; explicitFileType = wrapper.application; includeInIndex = 0; path = "ITP344-Spring2021-W4.app"; sourceTree = BUILT_PRODUCTS_DIR; };
		D5170F9225C8F8A100AAFD67 /* AppDelegate.swift */ = {isa = PBXFileReference; lastKnownFileType = sourcecode.swift; path = AppDelegate.swift; sourceTree = "<group>"; };
		D5170F9425C8F8A100AAFD67 /* SceneDelegate.swift */ = {isa = PBXFileReference; lastKnownFileType = sourcecode.swift; path = SceneDelegate.swift; sourceTree = "<group>"; };
		D5170F9625C8F8A100AAFD67 /* ViewController.swift */ = {isa = PBXFileReference; lastKnownFileType = sourcecode.swift; path = ViewController.swift; sourceTree = "<group>"; };
		D5170F9B25C8F8A300AAFD67 /* Assets.xcassets */ = {isa = PBXFileReference; lastKnownFileType = folder.assetcatalog; path = Assets.xcassets; sourceTree = "<group>"; };
		D5170F9E25C8F8A300AAFD67 /* Base */ = {isa = PBXFileReference; lastKnownFileType = file.storyboard; name = Base; path = Base.lproj/LaunchScreen.storyboard; sourceTree = "<group>"; };
		D5170FA025C8F8A300AAFD67 /* Info.plist */ = {isa = PBXFileReference; lastKnownFileType = text.plist.xml; path = Info.plist; sourceTree = "<group>"; };
		D55ABD9725D1EE1000131E1F /* BaseViewController.swift */ = {isa = PBXFileReference; lastKnownFileType = sourcecode.swift; path = BaseViewController.swift; sourceTree = "<group>"; };
		D55ABD9B25D1EF0400131E1F /* SignInViewController.swift */ = {isa = PBXFileReference; lastKnownFileType = sourcecode.swift; path = SignInViewController.swift; sourceTree = "<group>"; };
		D55ABD9F25D2047100131E1F /* UIExtensions.swift */ = {isa = PBXFileReference; lastKnownFileType = sourcecode.swift; path = UIExtensions.swift; sourceTree = "<group>"; };
		D55ABDA225D2284000131E1F /* PrioritiesViewController.swift */ = {isa = PBXFileReference; lastKnownFileType = sourcecode.swift; path = PrioritiesViewController.swift; sourceTree = "<group>"; };
		D5B1BB7325FB05CB00921CEE /* ListViewController.swift */ = {isa = PBXFileReference; lastKnownFileType = sourcecode.swift; path = ListViewController.swift; sourceTree = "<group>"; };
		D5B1BB7725FB14CC00921CEE /* FirestoreHelper.swift */ = {isa = PBXFileReference; lastKnownFileType = sourcecode.swift; path = FirestoreHelper.swift; sourceTree = "<group>"; };
		D5DCC35025E48F85009500E6 /* SignUpViewController.swift */ = {isa = PBXFileReference; lastKnownFileType = sourcecode.swift; path = SignUpViewController.swift; sourceTree = "<group>"; };
		D5DCC35825E4B10C009500E6 /* GoogleService-Info.plist */ = {isa = PBXFileReference; fileEncoding = 4; lastKnownFileType = text.plist.xml; path = "GoogleService-Info.plist"; sourceTree = "<group>"; };
		D5DCC38025E4C02E009500E6 /* SpinnerViewController.swift */ = {isa = PBXFileReference; lastKnownFileType = sourcecode.swift; path = SpinnerViewController.swift; sourceTree = "<group>"; };
		D5EED21B25EF4B010043F945 /* CustomTabBarController.swift */ = {isa = PBXFileReference; lastKnownFileType = sourcecode.swift; path = CustomTabBarController.swift; sourceTree = "<group>"; };
		D5EED21E25EF4CF80043F945 /* P2ViewController.swift */ = {isa = PBXFileReference; lastKnownFileType = sourcecode.swift; path = P2ViewController.swift; sourceTree = "<group>"; };
		D694B3B19C23E32CAA93CB2A /* Pods-ITP344-Spring2021-W4.debug.xcconfig */ = {isa = PBXFileReference; includeInIndex = 1; lastKnownFileType = text.xcconfig; name = "Pods-ITP344-Spring2021-W4.debug.xcconfig"; path = "Target Support Files/Pods-ITP344-Spring2021-W4/Pods-ITP344-Spring2021-W4.debug.xcconfig"; sourceTree = "<group>"; };
/* End PBXFileReference section */

/* Begin PBXFrameworksBuildPhase section */
		D5170F8C25C8F8A100AAFD67 /* Frameworks */ = {
			isa = PBXFrameworksBuildPhase;
			buildActionMask = 2147483647;
			files = (
				BAC25F96D09EFAE6949EC580 /* Pods_ITP344_Spring2021_W4.framework in Frameworks */,
			);
			runOnlyForDeploymentPostprocessing = 0;
		};
/* End PBXFrameworksBuildPhase section */

/* Begin PBXGroup section */
		7EE5B5EE6558834AB8CF9C17 /* Pods */ = {
			isa = PBXGroup;
			children = (
				D694B3B19C23E32CAA93CB2A /* Pods-ITP344-Spring2021-W4.debug.xcconfig */,
				CFF7F22E5FBC228C7EA80941 /* Pods-ITP344-Spring2021-W4.release.xcconfig */,
			);
			path = Pods;
			sourceTree = "<group>";
		};
		CB917835DA65C04244541604 /* Frameworks */ = {
			isa = PBXGroup;
			children = (
				AC588F75E4DCCF01DBC12229 /* Pods_ITP344_Spring2021_W4.framework */,
			);
			name = Frameworks;
			sourceTree = "<group>";
		};
		D5170F8625C8F8A100AAFD67 = {
			isa = PBXGroup;
			children = (
				D5DCC35825E4B10C009500E6 /* GoogleService-Info.plist */,
				D5170F9125C8F8A100AAFD67 /* ITP344-Spring2021-W4 */,
				D5170F9025C8F8A100AAFD67 /* Products */,
				7EE5B5EE6558834AB8CF9C17 /* Pods */,
				CB917835DA65C04244541604 /* Frameworks */,
			);
			sourceTree = "<group>";
		};
		D5170F9025C8F8A100AAFD67 /* Products */ = {
			isa = PBXGroup;
			children = (
				D5170F8F25C8F8A100AAFD67 /* ITP344-Spring2021-W4.app */,
			);
			name = Products;
			sourceTree = "<group>";
		};
		D5170F9125C8F8A100AAFD67 /* ITP344-Spring2021-W4 */ = {
			isa = PBXGroup;
			children = (
				D5B1BB7225FB059B00921CEE /* List */,
				D55ABD9E25D2046300131E1F /* Utilities */,
				D55ABD9325D1ECAE00131E1F /* Onboarding */,
				D5170F9225C8F8A100AAFD67 /* AppDelegate.swift */,
				D5170F9425C8F8A100AAFD67 /* SceneDelegate.swift */,
				D55ABD9725D1EE1000131E1F /* BaseViewController.swift */,
				D55ABDA225D2284000131E1F /* PrioritiesViewController.swift */,
				D5170F9625C8F8A100AAFD67 /* ViewController.swift */,
				D5170F9B25C8F8A300AAFD67 /* Assets.xcassets */,
				D5170F9D25C8F8A300AAFD67 /* LaunchScreen.storyboard */,
				D5170FA025C8F8A300AAFD67 /* Info.plist */,
				D5EED21B25EF4B010043F945 /* CustomTabBarController.swift */,
				D5EED21E25EF4CF80043F945 /* P2ViewController.swift */,
			);
			path = "ITP344-Spring2021-W4";
			sourceTree = "<group>";
		};
		D55ABD9325D1ECAE00131E1F /* Onboarding */ = {
			isa = PBXGroup;
			children = (
				D55ABD9B25D1EF0400131E1F /* SignInViewController.swift */,
				D5DCC35025E48F85009500E6 /* SignUpViewController.swift */,
			);
			path = Onboarding;
			sourceTree = "<group>";
		};
		D55ABD9E25D2046300131E1F /* Utilities */ = {
			isa = PBXGroup;
			children = (
				D55ABD9F25D2047100131E1F /* UIExtensions.swift */,
				D5DCC38025E4C02E009500E6 /* SpinnerViewController.swift */,
				D5B1BB7725FB14CC00921CEE /* FirestoreHelper.swift */,
			);
			path = Utilities;
			sourceTree = "<group>";
		};
		D5B1BB7225FB059B00921CEE /* List */ = {
			isa = PBXGroup;
			children = (
				D5B1BB7325FB05CB00921CEE /* ListViewController.swift */,
			);
			path = List;
			sourceTree = "<group>";
		};
/* End PBXGroup section */

/* Begin PBXNativeTarget section */
		D5170F8E25C8F8A100AAFD67 /* ITP344-Spring2021-W4 */ = {
			isa = PBXNativeTarget;
			buildConfigurationList = D5170FA325C8F8A300AAFD67 /* Build configuration list for PBXNativeTarget "ITP344-Spring2021-W4" */;
			buildPhases = (
				FBEC2CDCEA709495248EEA5F /* [CP] Check Pods Manifest.lock */,
				D5170F8B25C8F8A100AAFD67 /* Sources */,
				D5170F8C25C8F8A100AAFD67 /* Frameworks */,
				D5170F8D25C8F8A100AAFD67 /* Resources */,
				A5B226CBF2264FF167ACDFB7 /* [CP] Embed Pods Frameworks */,
			);
			buildRules = (
			);
			dependencies = (
			);
			name = "ITP344-Spring2021-W4";
			productName = "ITP344-Spring2021-W4";
			productReference = D5170F8F25C8F8A100AAFD67 /* ITP344-Spring2021-W4.app */;
			productType = "com.apple.product-type.application";
		};
/* End PBXNativeTarget section */

/* Begin PBXProject section */
		D5170F8725C8F8A100AAFD67 /* Project object */ = {
			isa = PBXProject;
			attributes = {
				LastSwiftUpdateCheck = 1240;
				LastUpgradeCheck = 1240;
				TargetAttributes = {
					D5170F8E25C8F8A100AAFD67 = {
						CreatedOnToolsVersion = 12.4;
					};
				};
			};
			buildConfigurationList = D5170F8A25C8F8A100AAFD67 /* Build configuration list for PBXProject "ITP344-Spring2021-W4" */;
			compatibilityVersion = "Xcode 9.3";
			developmentRegion = en;
			hasScannedForEncodings = 0;
			knownRegions = (
				en,
				Base,
			);
			mainGroup = D5170F8625C8F8A100AAFD67;
			productRefGroup = D5170F9025C8F8A100AAFD67 /* Products */;
			projectDirPath = "";
			projectRoot = "";
			targets = (
				D5170F8E25C8F8A100AAFD67 /* ITP344-Spring2021-W4 */,
			);
		};
/* End PBXProject section */

/* Begin PBXResourcesBuildPhase section */
		D5170F8D25C8F8A100AAFD67 /* Resources */ = {
			isa = PBXResourcesBuildPhase;
			buildActionMask = 2147483647;
			files = (
				D5170F9F25C8F8A300AAFD67 /* LaunchScreen.storyboard in Resources */,
				D5170F9C25C8F8A300AAFD67 /* Assets.xcassets in Resources */,
				D5DCC35925E4B10C009500E6 /* GoogleService-Info.plist in Resources */,
			);
			runOnlyForDeploymentPostprocessing = 0;
		};
/* End PBXResourcesBuildPhase section */

/* Begin PBXShellScriptBuildPhase section */
		A5B226CBF2264FF167ACDFB7 /* [CP] Embed Pods Frameworks */ = {
			isa = PBXShellScriptBuildPhase;
			buildActionMask = 2147483647;
			files = (
			);
			inputFileListPaths = (
				"${PODS_ROOT}/Target Support Files/Pods-ITP344-Spring2021-W4/Pods-ITP344-Spring2021-W4-frameworks-${CONFIGURATION}-input-files.xcfilelist",
			);
			name = "[CP] Embed Pods Frameworks";
			outputFileListPaths = (
				"${PODS_ROOT}/Target Support Files/Pods-ITP344-Spring2021-W4/Pods-ITP344-Spring2021-W4-frameworks-${CONFIGURATION}-output-files.xcfilelist",
			);
			runOnlyForDeploymentPostprocessing = 0;
			shellPath = /bin/sh;
			shellScript = "\"${PODS_ROOT}/Target Support Files/Pods-ITP344-Spring2021-W4/Pods-ITP344-Spring2021-W4-frameworks.sh\"\n";
			showEnvVarsInLog = 0;
		};
		FBEC2CDCEA709495248EEA5F /* [CP] Check Pods Manifest.lock */ = {
			isa = PBXShellScriptBuildPhase;
			buildActionMask = 2147483647;
			files = (
			);
			inputFileListPaths = (
			);
			inputPaths = (
				"${PODS_PODFILE_DIR_PATH}/Podfile.lock",
				"${PODS_ROOT}/Manifest.lock",
			);
			name = "[CP] Check Pods Manifest.lock";
			outputFileListPaths = (
			);
			outputPaths = (
				"$(DERIVED_FILE_DIR)/Pods-ITP344-Spring2021-W4-checkManifestLockResult.txt",
			);
			runOnlyForDeploymentPostprocessing = 0;
			shellPath = /bin/sh;
			shellScript = "diff \"${PODS_PODFILE_DIR_PATH}/Podfile.lock\" \"${PODS_ROOT}/Manifest.lock\" > /dev/null\nif [ $? != 0 ] ; then\n    # print error to STDERR\n    echo \"error: The sandbox is not in sync with the Podfile.lock. Run 'pod install' or update your CocoaPods installation.\" >&2\n    exit 1\nfi\n# This output is used by Xcode 'outputs' to avoid re-running this script phase.\necho \"SUCCESS\" > \"${SCRIPT_OUTPUT_FILE_0}\"\n";
			showEnvVarsInLog = 0;
		};
/* End PBXShellScriptBuildPhase section */

/* Begin PBXSourcesBuildPhase section */
		D5170F8B25C8F8A100AAFD67 /* Sources */ = {
			isa = PBXSourcesBuildPhase;
			buildActionMask = 2147483647;
			files = (
				D55ABD9825D1EE1000131E1F /* BaseViewController.swift in Sources */,
				D5170F9725C8F8A100AAFD67 /* ViewController.swift in Sources */,
				D5B1BB7425FB05CB00921CEE /* ListViewController.swift in Sources */,
				D5EED21C25EF4B010043F945 /* CustomTabBarController.swift in Sources */,
				D5DCC35125E48F85009500E6 /* SignUpViewController.swift in Sources */,
				D5170F9325C8F8A100AAFD67 /* AppDelegate.swift in Sources */,
				D55ABDA025D2047100131E1F /* UIExtensions.swift in Sources */,
				D5B1BB7825FB14CC00921CEE /* FirestoreHelper.swift in Sources */,
				D55ABD9C25D1EF0400131E1F /* SignInViewController.swift in Sources */,
				D55ABDA325D2284000131E1F /* PrioritiesViewController.swift in Sources */,
				D5DCC38125E4C02E009500E6 /* SpinnerViewController.swift in Sources */,
				D5170F9525C8F8A100AAFD67 /* SceneDelegate.swift in Sources */,
				D5EED21F25EF4CF80043F945 /* P2ViewController.swift in Sources */,
			);
			runOnlyForDeploymentPostprocessing = 0;
		};
/* End PBXSourcesBuildPhase section */

/* Begin PBXVariantGroup section */
		D5170F9D25C8F8A300AAFD67 /* LaunchScreen.storyboard */ = {
			isa = PBXVariantGroup;
			children = (
				D5170F9E25C8F8A300AAFD67 /* Base */,
			);
			name = LaunchScreen.storyboard;
			sourceTree = "<group>";
		};
/* End PBXVariantGroup section */

/* Begin XCBuildConfiguration section */
		D5170FA125C8F8A300AAFD67 /* Debug */ = {
			isa = XCBuildConfiguration;
			buildSettings = {
				ALWAYS_SEARCH_USER_PATHS = NO;
				CLANG_ANALYZER_NONNULL = YES;
				CLANG_ANALYZER_NUMBER_OBJECT_CONVERSION = YES_AGGRESSIVE;
				CLANG_CXX_LANGUAGE_STANDARD = "gnu++14";
				CLANG_CXX_LIBRARY = "libc++";
				CLANG_ENABLE_MODULES = YES;
				CLANG_ENABLE_OBJC_ARC = YES;
				CLANG_ENABLE_OBJC_WEAK = YES;
				CLANG_WARN_BLOCK_CAPTURE_AUTORELEASING = YES;
				CLANG_WARN_BOOL_CONVERSION = YES;
				CLANG_WARN_COMMA = YES;
				CLANG_WARN_CONSTANT_CONVERSION = YES;
				CLANG_WARN_DEPRECATED_OBJC_IMPLEMENTATIONS = YES;
				CLANG_WARN_DIRECT_OBJC_ISA_USAGE = YES_ERROR;
				CLANG_WARN_DOCUMENTATION_COMMENTS = YES;
				CLANG_WARN_EMPTY_BODY = YES;
				CLANG_WARN_ENUM_CONVERSION = YES;
				CLANG_WARN_INFINITE_RECURSION = YES;
				CLANG_WARN_INT_CONVERSION = YES;
				CLANG_WARN_NON_LITERAL_NULL_CONVERSION = YES;
				CLANG_WARN_OBJC_IMPLICIT_RETAIN_SELF = YES;
				CLANG_WARN_OBJC_LITERAL_CONVERSION = YES;
				CLANG_WARN_OBJC_ROOT_CLASS = YES_ERROR;
				CLANG_WARN_QUOTED_INCLUDE_IN_FRAMEWORK_HEADER = YES;
				CLANG_WARN_RANGE_LOOP_ANALYSIS = YES;
				CLANG_WARN_STRICT_PROTOTYPES = YES;
				CLANG_WARN_SUSPICIOUS_MOVE = YES;
				CLANG_WARN_UNGUARDED_AVAILABILITY = YES_AGGRESSIVE;
				CLANG_WARN_UNREACHABLE_CODE = YES;
				CLANG_WARN__DUPLICATE_METHOD_MATCH = YES;
				COPY_PHASE_STRIP = NO;
				DEBUG_INFORMATION_FORMAT = dwarf;
				ENABLE_STRICT_OBJC_MSGSEND = YES;
				ENABLE_TESTABILITY = YES;
				GCC_C_LANGUAGE_STANDARD = gnu11;
				GCC_DYNAMIC_NO_PIC = NO;
				GCC_NO_COMMON_BLOCKS = YES;
				GCC_OPTIMIZATION_LEVEL = 0;
				GCC_PREPROCESSOR_DEFINITIONS = (
					"DEBUG=1",
					"$(inherited)",
				);
				GCC_WARN_64_TO_32_BIT_CONVERSION = YES;
				GCC_WARN_ABOUT_RETURN_TYPE = YES_ERROR;
				GCC_WARN_UNDECLARED_SELECTOR = YES;
				GCC_WARN_UNINITIALIZED_AUTOS = YES_AGGRESSIVE;
				GCC_WARN_UNUSED_FUNCTION = YES;
				GCC_WARN_UNUSED_VARIABLE = YES;
				IPHONEOS_DEPLOYMENT_TARGET = 14.4;
				MTL_ENABLE_DEBUG_INFO = INCLUDE_SOURCE;
				MTL_FAST_MATH = YES;
				ONLY_ACTIVE_ARCH = YES;
				SDKROOT = iphoneos;
				SWIFT_ACTIVE_COMPILATION_CONDITIONS = DEBUG;
				SWIFT_OPTIMIZATION_LEVEL = "-Onone";
			};
			name = Debug;
		};
		D5170FA225C8F8A300AAFD67 /* Release */ = {
			isa = XCBuildConfiguration;
			buildSettings = {
				ALWAYS_SEARCH_USER_PATHS = NO;
				CLANG_ANALYZER_NONNULL = YES;
				CLANG_ANALYZER_NUMBER_OBJECT_CONVERSION = YES_AGGRESSIVE;
				CLANG_CXX_LANGUAGE_STANDARD = "gnu++14";
				CLANG_CXX_LIBRARY = "libc++";
				CLANG_ENABLE_MODULES = YES;
				CLANG_ENABLE_OBJC_ARC = YES;
				CLANG_ENABLE_OBJC_WEAK = YES;
				CLANG_WARN_BLOCK_CAPTURE_AUTORELEASING = YES;
				CLANG_WARN_BOOL_CONVERSION = YES;
				CLANG_WARN_COMMA = YES;
				CLANG_WARN_CONSTANT_CONVERSION = YES;
				CLANG_WARN_DEPRECATED_OBJC_IMPLEMENTATIONS = YES;
				CLANG_WARN_DIRECT_OBJC_ISA_USAGE = YES_ERROR;
				CLANG_WARN_DOCUMENTATION_COMMENTS = YES;
				CLANG_WARN_EMPTY_BODY = YES;
				CLANG_WARN_ENUM_CONVERSION = YES;
				CLANG_WARN_INFINITE_RECURSION = YES;
				CLANG_WARN_INT_CONVERSION = YES;
				CLANG_WARN_NON_LITERAL_NULL_CONVERSION = YES;
				CLANG_WARN_OBJC_IMPLICIT_RETAIN_SELF = YES;
				CLANG_WARN_OBJC_LITERAL_CONVERSION = YES;
				CLANG_WARN_OBJC_ROOT_CLASS = YES_ERROR;
				CLANG_WARN_QUOTED_INCLUDE_IN_FRAMEWORK_HEADER = YES;
				CLANG_WARN_RANGE_LOOP_ANALYSIS = YES;
				CLANG_WARN_STRICT_PROTOTYPES = YES;
				CLANG_WARN_SUSPICIOUS_MOVE = YES;
				CLANG_WARN_UNGUARDED_AVAILABILITY = YES_AGGRESSIVE;
				CLANG_WARN_UNREACHABLE_CODE = YES;
				CLANG_WARN__DUPLICATE_METHOD_MATCH = YES;
				COPY_PHASE_STRIP = NO;
				DEBUG_INFORMATION_FORMAT = "dwarf-with-dsym";
				ENABLE_NS_ASSERTIONS = NO;
				ENABLE_STRICT_OBJC_MSGSEND = YES;
				GCC_C_LANGUAGE_STANDARD = gnu11;
				GCC_NO_COMMON_BLOCKS = YES;
				GCC_WARN_64_TO_32_BIT_CONVERSION = YES;
				GCC_WARN_ABOUT_RETURN_TYPE = YES_ERROR;
				GCC_WARN_UNDECLARED_SELECTOR = YES;
				GCC_WARN_UNINITIALIZED_AUTOS = YES_AGGRESSIVE;
				GCC_WARN_UNUSED_FUNCTION = YES;
				GCC_WARN_UNUSED_VARIABLE = YES;
				IPHONEOS_DEPLOYMENT_TARGET = 14.4;
				MTL_ENABLE_DEBUG_INFO = NO;
				MTL_FAST_MATH = YES;
				SDKROOT = iphoneos;
				SWIFT_COMPILATION_MODE = wholemodule;
				SWIFT_OPTIMIZATION_LEVEL = "-O";
				VALIDATE_PRODUCT = YES;
			};
			name = Release;
		};
		D5170FA425C8F8A300AAFD67 /* Debug */ = {
			isa = XCBuildConfiguration;
			baseConfigurationReference = D694B3B19C23E32CAA93CB2A /* Pods-ITP344-Spring2021-W4.debug.xcconfig */;
			buildSettings = {
				ASSETCATALOG_COMPILER_APPICON_NAME = AppIcon;
				ASSETCATALOG_COMPILER_GLOBAL_ACCENT_COLOR_NAME = AccentColor;
				CODE_SIGN_STYLE = Automatic;
				DEVELOPMENT_TEAM = D5GTMK5VKL;
				INFOPLIST_FILE = "ITP344-Spring2021-W4/Info.plist";
				LD_RUNPATH_SEARCH_PATHS = (
					"$(inherited)",
					"@executable_path/Frameworks",
				);
				PRODUCT_BUNDLE_IDENTIFIER = "com.boyuanx.ITP344-Spring2021";
				PRODUCT_NAME = "$(TARGET_NAME)";
				SWIFT_VERSION = 5.0;
				TARGETED_DEVICE_FAMILY = "1,2";
			};
			name = Debug;
		};
		D5170FA525C8F8A300AAFD67 /* Release */ = {
			isa = XCBuildConfiguration;
			baseConfigurationReference = CFF7F22E5FBC228C7EA80941 /* Pods-ITP344-Spring2021-W4.release.xcconfig */;
			buildSettings = {
				ASSETCATALOG_COMPILER_APPICON_NAME = AppIcon;
				ASSETCATALOG_COMPILER_GLOBAL_ACCENT_COLOR_NAME = AccentColor;
				CODE_SIGN_STYLE = Automatic;
				DEVELOPMENT_TEAM = D5GTMK5VKL;
				INFOPLIST_FILE = "ITP344-Spring2021-W4/Info.plist";
				LD_RUNPATH_SEARCH_PATHS = (
					"$(inherited)",
					"@executable_path/Frameworks",
				);
				PRODUCT_BUNDLE_IDENTIFIER = "com.boyuanx.ITP344-Spring2021";
				PRODUCT_NAME = "$(TARGET_NAME)";
				SWIFT_VERSION = 5.0;
				TARGETED_DEVICE_FAMILY = "1,2";
			};
			name = Release;
		};
/* End XCBuildConfiguration section */

/* Begin XCConfigurationList section */
		D5170F8A25C8F8A100AAFD67 /* Build configuration list for PBXProject "ITP344-Spring2021-W4" */ = {
			isa = XCConfigurationList;
			buildConfigurations = (
				D5170FA125C8F8A300AAFD67 /* Debug */,
				D5170FA225C8F8A300AAFD67 /* Release */,
			);
			defaultConfigurationIsVisible = 0;
			defaultConfigurationName = Release;
		};
		D5170FA325C8F8A300AAFD67 /* Build configuration list for PBXNativeTarget "ITP344-Spring2021-W4" */ = {
			isa = XCConfigurationList;
			buildConfigurations = (
				D5170FA425C8F8A300AAFD67 /* Debug */,
				D5170FA525C8F8A300AAFD67 /* Release */,
			);
			defaultConfigurationIsVisible = 0;
			defaultConfigurationName = Release;
		};
/* End XCConfigurationList section */
	};
	rootObject = D5170F8725C8F8A100AAFD67 /* Project object */;
}
